{
  "name": "@mylesb/myles-garden-styles",
  "version": "1.0.0",
  "lockfileVersion": 3,
  "requires": true,
  "packages": {
    "": {
      "name": "@mylesb/myles-garden-styles",
      "version": "1.0.0",
      "license": "MIT",
      "devDependencies": {
        "@fontsource-variable/bitter": "^5.3.0",
        "@fontsource-variable/inter": "^5.3.0",
        "@fontsource-variable/jetbrains-mono": "^5.3.0",
        "@fontsource/architects-daughter": "^5.3.0",
        "@mylesb/prettier-config": "^1.0.0",
        "prettier": "^3.9.6",
        "prettier-plugin-tailwindcss": "^0.8.1",
        "tailwindcss": "^4.3.3"
      },
      "peerDependencies": {
        "@fontsource-variable/bitter": ">=5.0.0",
        "@fontsource-variable/inter": ">=5.0.0",
        "@fontsource-variable/jetbrains-mono": ">=5.0.0",
        "@fontsource/architects-daughter": ">=5.0.0",
        "tailwindcss": ">=4.0.0"
      },
      "peerDependenciesMeta": {
        "@fontsource-variable/bitter": {
          "optional": true
        },
        "@fontsource-variable/inter": {
          "optional": true
        },
        "@fontsource-variable/jetbrains-mono": {
          "optional": true
        },
        "@fontsource/architects-daughter": {
          "optional": true
        }
      }
    },
    "node_modules/@fontsource-variable/bitter": {
      "version": "5.3.0",
      "resolved": "https://registry.npmjs.org/@fontsource-variable/bitter/-/bitter-5.3.0.tgz",
      "integrity": "sha512-TNGusdX+fjWE2b8pTG7kH1A615DbjjSj8/PwVm+iyiFiLFtioHXt6eH5jIFE2kmiA3Ogp03jEyZDsukotzC+4Q==",
      "dev": true,
      "license": "OFL-1.1",
      "funding": {
        "url": "https://github.com/sponsors/ayuhito"
      }
    },
    "node_modules/@fontsource-variable/inter": {
      "version": "5.3.0",
      "resolved": "https://registry.npmjs.org/@fontsource-variable/inter/-/inter-5.3.0.tgz",
      "integrity": "sha512-OupL48va4JNofb97w6NYeF9S7W/kHNKM0Er8Dem5nqi4jeOLrVJDoE8tZEpnMJmtkvNbB1EIPPwHcdkF6b1oUA==",
      "dev": true,
      "license": "OFL-1.1",
      "funding": {
        "url": "https://github.com/sponsors/ayuhito"
      }
    },
    "node_modules/@fontsource-variable/jetbrains-mono": {
      "version": "5.3.0",
      "resolved": "https://registry.npmjs.org/@fontsource-variable/jetbrains-mono/-/jetbrains-mono-5.3.0.tgz",
      "integrity": "sha512-F32xpS2NsGYoQi2ADSkKTgpJj7ozajsGgDJ8woTnqjmIB+dxDIqImjl4pXZVEExu8UFZ2ndhmX18EBS/hdz3Lw==",
      "dev": true,
      "license": "OFL-1.1",
      "funding": {
        "url": "https://github.com/sponsors/ayuhito"
      }
    },
    "node_modules/@fontsource/architects-daughter": {
      "version": "5.3.0",
      "resolved": "https://registry.npmjs.org/@fontsource/architects-daughter/-/architects-daughter-5.3.0.tgz",
      "integrity": "sha512-uezOgAlbhmf9nDW69VYq31lXNA+0uRFWXBGCSFWLXVcrNESFHpNjvu11kJss1PMsfH/YKz1hnnYB+JSNI/t+ew==",
      "dev": true,
      "license": "OFL-1.1",
      "funding": {
        "url": "https://github.com/sponsors/ayuhito"
      }
    },
    "node_modules/@mylesb/prettier-config": {
      "version": "1.0.0",
      "resolved": "https://registry.npmjs.org/@mylesb/prettier-config/-/prettier-config-1.0.0.tgz",
      "integrity": "sha512-DyrMIo8dBYwI7KJe92bnAobvFVZ9mW/c1GoemVwWbaB9gSyjAykdl2bXQOQLelcaR3GYhyHvKWwCJILnf1mfkw==",
      "dev": true,
      "license": "MIT",
      "peerDependencies": {
        "prettier": ">=3.0.0"
      }
    },
    "node_modules/prettier": {
      "version": "3.9.6",
      "resolved": "https://registry.npmjs.org/prettier/-/prettier-3.9.6.tgz",
      "integrity": "sha512-OpN0zzVdiaiAhxpuuj5efpIS4sY9j7bY6uR5mnj5yPzGkdkjNKSJeUThPb60Jw29QuAZgA4o+/iB49kFiaBX6g==",
      "dev": true,
      "license": "MIT",
      "bin": {
        "prettier": "bin/prettier.cjs"
      },
      "engines": {
        "node": ">=14"
      },
      "funding": {
        "url": "https://github.com/prettier/prettier?sponsor=1"
      }
    },
    "node_modules/prettier-plugin-tailwindcss": {
      "version": "0.8.1",
      "resolved": "https://registry.npmjs.org/prettier-plugin-tailwindcss/-/prettier-plugin-tailwindcss-0.8.1.tgz",
      "integrity": "sha512-iaFMYqDsE4ffdDkn5qup0j5f2aCEBFZrdrZnvu9QKTlWx/iGPeQ4HHu7b7fCPMxeo9nwQBiOAh2nSypdFYWJkw==",
      "dev": true,
      "license": "MIT",
      "engines": {
        "node": ">=20.19"
      },
      "peerDependencies": {
        "@ianvs/prettier-plugin-sort-imports": "*",
        "@prettier/plugin-hermes": "*",
        "@prettier/plugin-oxc": "*",
        "@prettier/plugin-pug": "*",
        "@shopify/prettier-plugin-liquid": "*",
        "@trivago/prettier-plugin-sort-imports": "*",
        "@zackad/prettier-plugin-twig": "*",
        "prettier": "^3.0",
        "prettier-plugin-astro": "*",
        "prettier-plugin-css-order": "*",
        "prettier-plugin-jsdoc": "*",
        "prettier-plugin-marko": "*",
        "prettier-plugin-multiline-arrays": "*",
        "prettier-plugin-organize-attributes": "*",
        "prettier-plugin-organize-imports": "*",
        "prettier-plugin-sort-imports": "*",
        "prettier-plugin-svelte": "*"
      },
      "peerDependenciesMeta": {
        "@ianvs/prettier-plugin-sort-imports": {
          "optional": true
        },
        "@prettier/plugin-hermes": {
          "optional": true
        },
        "@prettier/plugin-oxc": {
          "optional": true
        },
        "@prettier/plugin-pug": {
          "optional": true
        },
        "@shopify/prettier-plugin-liquid": {
          "optional": true
        },
        "@trivago/prettier-plugin-sort-imports": {
          "optional": true
        },
        "@zackad/prettier-plugin-twig": {
          "optional": true
        },
        "prettier-plugin-astro": {
          "optional": true
        },
        "prettier-plugin-css-order": {
          "optional": true
        },
        "prettier-plugin-jsdoc": {
          "optional": true
        },
        "prettier-plugin-marko": {
          "optional": true
        },
        "prettier-plugin-multiline-arrays": {
          "optional": true
        },
        "prettier-plugin-organize-attributes": {
          "optional": true
        },
        "prettier-plugin-organize-imports": {
          "optional": true
        },
        "prettier-plugin-sort-imports": {
          "optional": true
        },
        "prettier-plugin-svelte": {
          "optional": true
        }
      }
    },
    "node_modules/tailwindcss": {
      "version": "4.3.3",
      "resolved": "https://registry.npmjs.org/tailwindcss/-/tailwindcss-4.3.3.tgz",
      "integrity": "sha512-gOhV3P7ufE62QDGg1zVaTgCR+EtPv92k2nIhVcVKcLmxT1sUBsQGhnZj175j+MqRt4zLF7ic+sCYjfhxMxj7YQ==",
      "dev": true,
      "license": "MIT"
    }
  }
}
